{
  "version": 4,
  "terraform_version": "0.12.2",
  "serial": 61,
  "lineage": "f7e9ba3d-a1c6-941f-1ac2-7dcb5a474058",
  "outputs": {},
  "resources": [
    {
      "module": "module.sanity_proj",
      "mode": "data",
      "type": "openstack_identity_project_v3",
      "name": "sanity_project",
      "provider": "provider.openstack",
      "instances": [
        {
          "schema_version": 0,
          "attributes": {
            "description": "Sanity Testing Project",
            "domain_id": "default",
            "enabled": true,
            "id": "069609a58c7346ebb7f395fd337fdfe4",
            "is_domain": false,
            "name": "sanity_1",
            "parent_id": "default",
            "region": null
          },
          "depends_on": [
            "openstack_identity_project_v3.sanity_project"
          ]
        }
      ]
    },
    {
      "module": "module.sanity_proj",
      "mode": "managed",
      "type": "openstack_identity_project_v3",
      "name": "sanity_project",
      "provider": "provider.openstack",
      "instances": [
        {
          "schema_version": 0,
          "attributes": {
            "description": "Sanity Testing Project",
            "domain_id": "default",
            "enabled": true,
            "id": "069609a58c7346ebb7f395fd337fdfe4",
            "is_domain": false,
            "name": "sanity_1",
            "parent_id": "default",
            "region": ""
          },
          "private": "bnVsbA=="
        }
      ]
    },
    {
      "module": "module.sanity_proj",
      "mode": "managed",
      "type": "openstack_identity_role_assignment_v3",
      "name": "sanity_role_assignment",
      "provider": "provider.openstack",
      "instances": [
        {
          "schema_version": 0,
          "attributes": {
            "domain_id": "",
            "group_id": "",
            "id": "/069609a58c7346ebb7f395fd337fdfe4//ea486f4ffc834411b78a9623eb8c27c1/a5bd23e46cf541d78f17adde99684e69",
            "project_id": "069609a58c7346ebb7f395fd337fdfe4",
            "region": "",
            "role_id": "a5bd23e46cf541d78f17adde99684e69",
            "user_id": "ea486f4ffc834411b78a9623eb8c27c1"
          },
          "private": "bnVsbA==",
          "depends_on": [
            "data.openstack_identity_project_v3.sanity_project",
            "openstack_identity_project_v3.sanity_project",
            "openstack_identity_role_v3.sanity_role",
            "openstack_identity_user_v3.sanity_user"
          ]
        }
      ]
    },
    {
      "module": "module.sanity_proj",
      "mode": "managed",
      "type": "openstack_identity_role_v3",
      "name": "sanity_role",
      "provider": "provider.openstack",
      "instances": [
        {
          "schema_version": 0,
          "attributes": {
            "domain_id": "",
            "id": "a5bd23e46cf541d78f17adde99684e69",
            "name": "sanity_role_1",
            "region": ""
          },
          "private": "bnVsbA=="
        }
      ]
    },
    {
      "module": "module.sanity_proj",
      "mode": "managed",
      "type": "openstack_identity_user_v3",
      "name": "sanity_user",
      "provider": "provider.openstack",
      "instances": [
        {
          "schema_version": 0,
          "attributes": {
            "default_project_id": "069609a58c7346ebb7f395fd337fdfe4",
            "description": "Sanity user for Sanity Project",
            "domain_id": "default",
            "enabled": true,
            "extra": null,
            "id": "ea486f4ffc834411b78a9623eb8c27c1",
            "ignore_change_password_upon_first_use": true,
            "ignore_lockout_failure_attempts": null,
            "ignore_password_expiry": null,
            "multi_factor_auth_enabled": null,
            "multi_factor_auth_rule": [],
            "name": "sanity_1",
            "password": "s@n!ty",
            "region": ""
          },
          "private": "bnVsbA==",
          "depends_on": [
            "data.openstack_identity_project_v3.sanity_project"
          ]
        }
      ]
    }
  ]
}
