{
  "version": 4,
  "terraform_version": "0.12.2",
  "serial": 18,
  "lineage": "19fa9e06-8991-149c-88e6-48128aaba8fb",
  "outputs": {},
  "resources": [
    {
      "module": "module.sanity_proj",
      "mode": "data",
      "type": "openstack_identity_project_v3",
      "name": "sanity_project",
      "provider": "provider.openstack",
      "instances": [
        {
          "schema_version": 0,
          "attributes": {
            "description": "Sanity Testing Project",
            "domain_id": "default",
            "enabled": true,
            "id": "6c67c587e8ef4c6db3e4ffc0e0d46f98",
            "is_domain": false,
            "name": "sanity_1",
            "parent_id": "default",
            "region": null
          },
          "depends_on": [
            "openstack_identity_project_v3.sanity_project"
          ]
        }
      ]
    },
    {
      "module": "module.sanity_proj",
      "mode": "managed",
      "type": "openstack_identity_project_v3",
      "name": "sanity_project",
      "provider": "provider.openstack",
      "instances": [
        {
          "schema_version": 0,
          "attributes": {
            "description": "Sanity Testing Project",
            "domain_id": "default",
            "enabled": true,
            "id": "6c67c587e8ef4c6db3e4ffc0e0d46f98",
            "is_domain": false,
            "name": "sanity_1",
            "parent_id": "default",
            "region": ""
          },
          "private": "bnVsbA=="
        }
      ]
    },
    {
      "module": "module.sanity_proj",
      "mode": "managed",
      "type": "openstack_identity_role_assignment_v3",
      "name": "sanity_role_assignment",
      "provider": "provider.openstack",
      "instances": [
        {
          "schema_version": 0,
          "attributes": {
            "domain_id": "",
            "group_id": "",
            "id": "/6c67c587e8ef4c6db3e4ffc0e0d46f98//5d8e6b7e531e4c1da0d86dd453493599/d3ffd569681c43d19f87fd633856207f",
            "project_id": "6c67c587e8ef4c6db3e4ffc0e0d46f98",
            "region": "",
            "role_id": "d3ffd569681c43d19f87fd633856207f",
            "user_id": "5d8e6b7e531e4c1da0d86dd453493599"
          },
          "private": "bnVsbA==",
          "depends_on": [
            "openstack_identity_project_v3.sanity_project",
            "openstack_identity_role_v3.sanity_role",
            "openstack_identity_user_v3.sanity_user"
          ]
        }
      ]
    },
    {
      "module": "module.sanity_proj",
      "mode": "managed",
      "type": "openstack_identity_role_v3",
      "name": "sanity_role",
      "provider": "provider.openstack",
      "instances": [
        {
          "schema_version": 0,
          "attributes": {
            "domain_id": "",
            "id": "d3ffd569681c43d19f87fd633856207f",
            "name": "sanity_role_1",
            "region": ""
          },
          "private": "bnVsbA=="
        }
      ]
    },
    {
      "module": "module.sanity_proj",
      "mode": "managed",
      "type": "openstack_identity_user_v3",
      "name": "sanity_user",
      "provider": "provider.openstack",
      "instances": [
        {
          "schema_version": 0,
          "attributes": {
            "default_project_id": "6c67c587e8ef4c6db3e4ffc0e0d46f98",
            "description": "Sanity user for Sanity Project",
            "domain_id": "default",
            "enabled": true,
            "extra": null,
            "id": "5d8e6b7e531e4c1da0d86dd453493599",
            "ignore_change_password_upon_first_use": true,
            "ignore_lockout_failure_attempts": null,
            "ignore_password_expiry": null,
            "multi_factor_auth_enabled": null,
            "multi_factor_auth_rule": [],
            "name": "sanity_1",
            "password": "s@n!ty",
            "region": ""
          },
          "private": "bnVsbA==",
          "depends_on": [
            "data.openstack_identity_project_v3.sanity_project"
          ]
        }
      ]
    }
  ]
}
