{
  "version": 4,
  "terraform_version": "0.12.17",
  "serial": 42,
  "lineage": "19fa9e06-8991-149c-88e6-48128aaba8fb",
  "outputs": {},
  "resources": [
    {
      "module": "module.sanity_proj",
      "mode": "data",
      "type": "openstack_identity_project_v3",
      "name": "sanity_project",
      "provider": "provider.openstack",
      "instances": [
        {
          "schema_version": 0,
          "attributes": {
            "description": "Sanity Testing Project",
            "domain_id": "default",
            "enabled": true,
            "id": "0d91cf6515084452af6a2ebdb186630f",
            "is_domain": false,
            "name": "sanity_1",
            "parent_id": "default",
            "region": null
          }
        }
      ]
    },
    {
      "module": "module.sanity_proj",
      "mode": "managed",
      "type": "openstack_identity_project_v3",
      "name": "sanity_project",
      "provider": "provider.openstack",
      "instances": [
        {
          "schema_version": 0,
          "attributes": {
            "description": "Sanity Testing Project",
            "domain_id": "default",
            "enabled": true,
            "id": "0d91cf6515084452af6a2ebdb186630f",
            "is_domain": false,
            "name": "sanity_1",
            "parent_id": "default",
            "region": ""
          },
          "private": "bnVsbA=="
        }
      ]
    },
    {
      "module": "module.sanity_proj",
      "mode": "managed",
      "type": "openstack_identity_role_assignment_v3",
      "name": "sanity_role_assignment",
      "provider": "provider.openstack",
      "instances": [
        {
          "schema_version": 0,
          "attributes": {
            "domain_id": "",
            "group_id": "",
            "id": "/0d91cf6515084452af6a2ebdb186630f//e813679704b44c538a4d830bca865d5f/4e0b631897af4e87b16783cc13c0394a",
            "project_id": "0d91cf6515084452af6a2ebdb186630f",
            "region": "",
            "role_id": "4e0b631897af4e87b16783cc13c0394a",
            "user_id": "e813679704b44c538a4d830bca865d5f"
          },
          "private": "bnVsbA==",
          "dependencies": [
            "module.sanity_proj.openstack_identity_project_v3.sanity_project",
            "module.sanity_proj.openstack_identity_role_v3.sanity_role",
            "module.sanity_proj.openstack_identity_user_v3.sanity_user"
          ]
        }
      ]
    },
    {
      "module": "module.sanity_proj",
      "mode": "managed",
      "type": "openstack_identity_role_v3",
      "name": "sanity_role",
      "provider": "provider.openstack",
      "instances": [
        {
          "schema_version": 0,
          "attributes": {
            "domain_id": "",
            "id": "4e0b631897af4e87b16783cc13c0394a",
            "name": "sanity_role_1",
            "region": ""
          },
          "private": "bnVsbA=="
        }
      ]
    },
    {
      "module": "module.sanity_proj",
      "mode": "managed",
      "type": "openstack_identity_user_v3",
      "name": "sanity_user",
      "provider": "provider.openstack",
      "instances": [
        {
          "schema_version": 0,
          "attributes": {
            "default_project_id": "0d91cf6515084452af6a2ebdb186630f",
            "description": "Sanity user for Sanity Project",
            "domain_id": "default",
            "enabled": true,
            "extra": null,
            "id": "e813679704b44c538a4d830bca865d5f",
            "ignore_change_password_upon_first_use": true,
            "ignore_lockout_failure_attempts": null,
            "ignore_password_expiry": null,
            "multi_factor_auth_enabled": null,
            "multi_factor_auth_rule": [],
            "name": "sanity_1",
            "password": "s@n!ty",
            "region": ""
          },
          "private": "bnVsbA==",
          "dependencies": [
            "module.sanity_proj.openstack_identity_project_v3.sanity_project"
          ]
        }
      ]
    },
    {
      "mode": "managed",
      "type": "openstack_networking_network_v2",
      "name": "public",
      "provider": "provider.openstack",
      "instances": [
        {
          "schema_version": 0,
          "attributes": {
            "admin_state_up": true,
            "all_tags": [],
            "availability_zone_hints": [],
            "description": "",
            "dns_domain": "",
            "external": true,
            "id": "3d8c3998-1b22-44ef-98ea-4c70339a41dd",
            "mtu": 1500,
            "name": "public",
            "port_security_enabled": true,
            "qos_policy_id": "",
            "region": "",
            "segments": [
              {
                "network_type": "vlan",
                "physical_network": "physext",
                "segmentation_id": 604
              }
            ],
            "shared": false,
            "tags": null,
            "tenant_id": "e11e004bdd524b06b3ed6ac39706514c",
            "timeouts": null,
            "transparent_vlan": false,
            "value_specs": null
          },
          "private": "eyJlMmJmYjczMC1lY2FhLTExZTYtOGY4OC0zNDM2M2JjN2M0YzAiOnsiY3JlYXRlIjo2MDAwMDAwMDAwMDAsImRlbGV0ZSI6NjAwMDAwMDAwMDAwfX0="
        }
      ]
    }
  ]
}
