{
  "version": 4,
  "terraform_version": "0.12.17",
  "serial": 9,
  "lineage": "9e6f3547-4550-751f-7ae6-b9054e3e5890",
  "outputs": {},
  "resources": [
    {
      "module": "module.sanity_proj",
      "mode": "data",
      "type": "openstack_identity_project_v3",
      "name": "sanity_project",
      "provider": "provider.openstack",
      "instances": [
        {
          "schema_version": 0,
          "attributes": {
            "description": "Sanity Testing Project",
            "domain_id": "default",
            "enabled": true,
            "id": "f26eb441091648e58a456f840147fb54",
            "is_domain": false,
            "name": "sanity_1",
            "parent_id": "default",
            "region": null
          }
        }
      ]
    },
    {
      "module": "module.sanity_proj",
      "mode": "managed",
      "type": "openstack_identity_project_v3",
      "name": "sanity_project",
      "provider": "provider.openstack",
      "instances": [
        {
          "schema_version": 0,
          "attributes": {
            "description": "Sanity Testing Project",
            "domain_id": "default",
            "enabled": true,
            "id": "f26eb441091648e58a456f840147fb54",
            "is_domain": false,
            "name": "sanity_1",
            "parent_id": "default",
            "region": ""
          },
          "private": "bnVsbA=="
        }
      ]
    },
    {
      "module": "module.sanity_proj",
      "mode": "managed",
      "type": "openstack_identity_role_assignment_v3",
      "name": "sanity_role_assignment",
      "provider": "provider.openstack",
      "instances": [
        {
          "schema_version": 0,
          "attributes": {
            "domain_id": "",
            "group_id": "",
            "id": "/f26eb441091648e58a456f840147fb54//769dda5d4f874ed6903febea9552f82a/ee780b5ddb3d44bfa2e5537c49cff611",
            "project_id": "f26eb441091648e58a456f840147fb54",
            "region": "",
            "role_id": "ee780b5ddb3d44bfa2e5537c49cff611",
            "user_id": "769dda5d4f874ed6903febea9552f82a"
          },
          "private": "bnVsbA==",
          "dependencies": [
            "module.sanity_proj.openstack_identity_project_v3.sanity_project",
            "module.sanity_proj.openstack_identity_role_v3.sanity_role",
            "module.sanity_proj.openstack_identity_user_v3.sanity_user"
          ]
        }
      ]
    },
    {
      "module": "module.sanity_proj",
      "mode": "managed",
      "type": "openstack_identity_role_v3",
      "name": "sanity_role",
      "provider": "provider.openstack",
      "instances": [
        {
          "schema_version": 0,
          "attributes": {
            "domain_id": "",
            "id": "ee780b5ddb3d44bfa2e5537c49cff611",
            "name": "sanity_role_1",
            "region": ""
          },
          "private": "bnVsbA=="
        }
      ]
    },
    {
      "module": "module.sanity_proj",
      "mode": "managed",
      "type": "openstack_identity_user_v3",
      "name": "sanity_user",
      "provider": "provider.openstack",
      "instances": [
        {
          "schema_version": 0,
          "attributes": {
            "default_project_id": "f26eb441091648e58a456f840147fb54",
            "description": "Sanity user for Sanity Project",
            "domain_id": "default",
            "enabled": true,
            "extra": null,
            "id": "769dda5d4f874ed6903febea9552f82a",
            "ignore_change_password_upon_first_use": true,
            "ignore_lockout_failure_attempts": null,
            "ignore_password_expiry": null,
            "multi_factor_auth_enabled": null,
            "multi_factor_auth_rule": [],
            "name": "sanity_1",
            "password": "s@n!ty",
            "region": ""
          },
          "private": "bnVsbA==",
          "dependencies": [
            "module.sanity_proj.openstack_identity_project_v3.sanity_project"
          ]
        }
      ]
    },
    {
      "mode": "managed",
      "type": "openstack_networking_network_v2",
      "name": "public",
      "provider": "provider.openstack",
      "instances": [
        {
          "schema_version": 0,
          "attributes": {
            "admin_state_up": true,
            "all_tags": [],
            "availability_zone_hints": [],
            "description": "",
            "dns_domain": "",
            "external": true,
            "id": "06a58fbc-65cc-4cbd-ae90-d9b1a360b1aa",
            "mtu": 1500,
            "name": "public",
            "port_security_enabled": true,
            "qos_policy_id": "",
            "region": "",
            "segments": [
              {
                "network_type": "vlan",
                "physical_network": "physext",
                "segmentation_id": 604
              }
            ],
            "shared": false,
            "tags": null,
            "tenant_id": "e11e004bdd524b06b3ed6ac39706514c",
            "timeouts": null,
            "transparent_vlan": false,
            "value_specs": null
          },
          "private": "eyJlMmJmYjczMC1lY2FhLTExZTYtOGY4OC0zNDM2M2JjN2M0YzAiOnsiY3JlYXRlIjo2MDAwMDAwMDAwMDAsImRlbGV0ZSI6NjAwMDAwMDAwMDAwfX0="
        }
      ]
    },
    {
      "mode": "managed",
      "type": "openstack_networking_subnet_v2",
      "name": "external_subnet",
      "provider": "provider.openstack",
      "instances": [
        {
          "schema_version": 0,
          "attributes": {
            "all_tags": [],
            "allocation_pool": [
              {
                "end": "100.67.60.240",
                "start": "100.67.60.194"
              }
            ],
            "allocation_pools": [
              {
                "end": "100.67.60.240",
                "start": "100.67.60.194"
              }
            ],
            "cidr": "100.67.60.192/26",
            "description": "",
            "dns_nameservers": null,
            "enable_dhcp": false,
            "gateway_ip": "100.67.60.193",
            "host_routes": [],
            "id": "70ebd3ff-d263-4c45-adc0-5ce5439e6e22",
            "ip_version": 4,
            "ipv6_address_mode": "",
            "ipv6_ra_mode": "",
            "name": "external_subnet",
            "network_id": "06a58fbc-65cc-4cbd-ae90-d9b1a360b1aa",
            "no_gateway": false,
            "prefix_length": null,
            "region": "",
            "subnetpool_id": "",
            "tags": null,
            "tenant_id": "e11e004bdd524b06b3ed6ac39706514c",
            "timeouts": null,
            "value_specs": null
          },
          "private": "eyJlMmJmYjczMC1lY2FhLTExZTYtOGY4OC0zNDM2M2JjN2M0YzAiOnsiY3JlYXRlIjo2MDAwMDAwMDAwMDAsImRlbGV0ZSI6NjAwMDAwMDAwMDAwfX0=",
          "dependencies": [
            "openstack_networking_network_v2.public"
          ]
        }
      ]
    }
  ]
}
