{
  "version": 4,
  "terraform_version": "0.12.2",
  "serial": 17,
  "lineage": "8ca9585e-a7f4-df3a-9f46-cebc7a3ae7ad",
  "outputs": {},
  "resources": [
    {
      "module": "module.sanity_proj",
      "mode": "data",
      "type": "openstack_identity_project_v3",
      "name": "sanity_project",
      "provider": "provider.openstack",
      "instances": [
        {
          "schema_version": 0,
          "attributes": {
            "description": "Sanity Testing Project",
            "domain_id": "default",
            "enabled": true,
            "id": "d7ea1e2c669b49ff94b9bffa379d5e2c",
            "is_domain": false,
            "name": "sanity_1",
            "parent_id": "default",
            "region": null
          },
          "depends_on": [
            "openstack_identity_project_v3.sanity_project"
          ]
        }
      ]
    },
    {
      "module": "module.sanity_proj",
      "mode": "managed",
      "type": "openstack_identity_project_v3",
      "name": "sanity_project",
      "provider": "provider.openstack",
      "instances": [
        {
          "schema_version": 0,
          "attributes": {
            "description": "Sanity Testing Project",
            "domain_id": "default",
            "enabled": true,
            "id": "d7ea1e2c669b49ff94b9bffa379d5e2c",
            "is_domain": false,
            "name": "sanity_1",
            "parent_id": "default",
            "region": ""
          },
          "private": "bnVsbA=="
        }
      ]
    },
    {
      "module": "module.sanity_proj",
      "mode": "managed",
      "type": "openstack_identity_role_assignment_v3",
      "name": "sanity_role_assignment",
      "provider": "provider.openstack",
      "instances": [
        {
          "schema_version": 0,
          "attributes": {
            "domain_id": "",
            "group_id": "",
            "id": "/d7ea1e2c669b49ff94b9bffa379d5e2c//da8a025751cc45d397a5b3ba15fa7810/921268f8eac94c4085691e052d06767d",
            "project_id": "d7ea1e2c669b49ff94b9bffa379d5e2c",
            "region": "",
            "role_id": "921268f8eac94c4085691e052d06767d",
            "user_id": "da8a025751cc45d397a5b3ba15fa7810"
          },
          "private": "bnVsbA==",
          "depends_on": [
            "data.openstack_identity_project_v3.sanity_project",
            "openstack_identity_project_v3.sanity_project",
            "openstack_identity_role_v3.sanity_role",
            "openstack_identity_user_v3.sanity_user"
          ]
        }
      ]
    },
    {
      "module": "module.sanity_proj",
      "mode": "managed",
      "type": "openstack_identity_role_v3",
      "name": "sanity_role",
      "provider": "provider.openstack",
      "instances": [
        {
          "schema_version": 0,
          "attributes": {
            "domain_id": "",
            "id": "921268f8eac94c4085691e052d06767d",
            "name": "sanity_role_1",
            "region": ""
          },
          "private": "bnVsbA=="
        }
      ]
    },
    {
      "module": "module.sanity_proj",
      "mode": "managed",
      "type": "openstack_identity_user_v3",
      "name": "sanity_user",
      "provider": "provider.openstack",
      "instances": [
        {
          "schema_version": 0,
          "attributes": {
            "default_project_id": "d7ea1e2c669b49ff94b9bffa379d5e2c",
            "description": "Sanity user for Sanity Project",
            "domain_id": "default",
            "enabled": true,
            "extra": null,
            "id": "da8a025751cc45d397a5b3ba15fa7810",
            "ignore_change_password_upon_first_use": true,
            "ignore_lockout_failure_attempts": null,
            "ignore_password_expiry": null,
            "multi_factor_auth_enabled": null,
            "multi_factor_auth_rule": [],
            "name": "sanity_1",
            "password": "s@n!ty",
            "region": ""
          },
          "private": "bnVsbA==",
          "depends_on": [
            "data.openstack_identity_project_v3.sanity_project"
          ]
        }
      ]
    }
  ]
}
