{
  "version": 4,
  "terraform_version": "0.12.17",
  "serial": 508,
  "lineage": "89c1871f-dd99-8009-78cf-c3f355841763",
  "outputs": {},
  "resources": [
    {
      "module": "module.my_instance",
      "mode": "data",
      "type": "openstack_compute_availability_zones_v2",
      "name": "zones",
      "provider": "provider.openstack",
      "instances": [
        {
          "schema_version": 0,
          "attributes": {
            "id": "3612554252",
            "names": [
              "nova0",
              "nova1",
              "nova2"
            ],
            "region": "",
            "state": "available"
          }
        }
      ]
    },
    {
      "module": "module.my_instance",
      "mode": "managed",
      "type": "openstack_compute_floatingip_associate_v2",
      "name": "sanity_floatip_1",
      "provider": "provider.openstack",
      "instances": [
        {
          "schema_version": 0,
          "attributes": {
            "fixed_ip": "",
            "floating_ip": "100.67.60.204",
            "id": "100.67.60.204/3f7cc7e3-3fa3-4d12-b276-e384df33766d/",
            "instance_id": "3f7cc7e3-3fa3-4d12-b276-e384df33766d",
            "region": "",
            "timeouts": null,
            "wait_until_associated": null
          },
          "private": "eyJlMmJmYjczMC1lY2FhLTExZTYtOGY4OC0zNDM2M2JjN2M0YzAiOnsiY3JlYXRlIjo2MDAwMDAwMDAwMDB9fQ==",
          "dependencies": [
            "module.my_instance.openstack_compute_instance_v2.sanity_instance_1",
            "module.my_instance.openstack_networking_floatingip_v2.sanity_floatip",
            "module.my_network.openstack_networking_network_v2.network",
            "module.my_network.openstack_networking_port_v2.port",
            "module.my_network.openstack_networking_subnet_v2.subnet"
          ]
        }
      ]
    },
    {
      "module": "module.my_instance",
      "mode": "managed",
      "type": "openstack_compute_instance_v2",
      "name": "sanity_instance_1",
      "provider": "provider.openstack",
      "instances": [
        {
          "schema_version": 0,
          "attributes": {
            "access_ip_v4": "192.168.90.10",
            "access_ip_v6": "",
            "admin_pass": null,
            "all_metadata": {},
            "all_tags": [],
            "availability_zone": "nova2",
            "block_device": [],
            "config_drive": null,
            "flavor_id": "3b2d9c0c-90ca-43f3-b424-0324876e0f06",
            "flavor_name": "sanity_flavor",
            "floating_ip": null,
            "force_delete": false,
            "id": "3f7cc7e3-3fa3-4d12-b276-e384df33766d",
            "image_id": "4a1bd142-38c0-4a5b-a81f-d9e2d3d546a5",
            "image_name": "centos_1",
            "key_pair": "ssh-key",
            "metadata": null,
            "name": "sanity_instance_1",
            "network": [
              {
                "access_network": false,
                "fixed_ip_v4": "192.168.90.10",
                "fixed_ip_v6": "",
                "floating_ip": "",
                "mac": "fa:16:3e:d0:96:44",
                "name": "sanity_network",
                "port": "7ca9521f-74f5-470e-8eba-6d9bf5358a60",
                "uuid": "94a9cec8-d802-453e-ae3b-1735d7f0ec12"
              }
            ],
            "personality": [],
            "power_state": "active",
            "region": "",
            "scheduler_hints": [],
            "security_groups": [
              "sanity_secgroup"
            ],
            "stop_before_destroy": false,
            "tags": null,
            "timeouts": null,
            "user_data": null,
            "vendor_options": [],
            "volume": []
          },
          "private": "eyJlMmJmYjczMC1lY2FhLTExZTYtOGY4OC0zNDM2M2JjN2M0YzAiOnsiY3JlYXRlIjoxODAwMDAwMDAwMDAwLCJkZWxldGUiOjE4MDAwMDAwMDAwMDAsInVwZGF0ZSI6MTgwMDAwMDAwMDAwMH19",
          "dependencies": [
            "module.my_network.openstack_networking_network_v2.network",
            "module.my_network.openstack_networking_port_v2.port",
            "module.my_network.openstack_networking_subnet_v2.subnet"
          ]
        }
      ]
    },
    {
      "module": "module.my_general",
      "mode": "managed",
      "type": "openstack_compute_keypair_v2",
      "name": "ssh-key",
      "provider": "provider.openstack",
      "instances": [
        {
          "schema_version": 0,
          "attributes": {
            "fingerprint": "37:ac:de:cf:9a:61:cc:3d:f0:0e:6c:48:9f:d8:9f:43",
            "id": "ssh-key",
            "name": "ssh-key",
            "private_key": "",
            "public_key": "ssh-rsa AAAAB3NzaC1yc2EAAAADAQABAAABAQDgR8LqMUAHATFZMbeyo4OobarANGKq+EtNNdmI2aunpM8vUR56xqi9Wp4I2PmYCJb+EOAmK9+hAnPOBHeCP1N5Xtmi3yastQKIFuQM3A6ZUNP5g0CLVdYCwUmLfzPw7nsBfBeFKU1qkKe39+7Kfoal/pTyhX9HcXS2NiMs/1PVsLcVcnKnqP2R0peQ1c3uhgMI0GJ4OhLB6AVXKAf/hmkEug8GY4SVup5YL2kIHaC1QGY5rFMMzgkEnp3uIBQzMGLZ/0zRDINiAJsXOMSWcOv4xyn1cqKdAr/MRh00ABo45XzsvsSm/DiyjfhC6jP2w7keleS0bikTGWfqEccXBCxN osp_admin@director.r60.lab",
            "region": "",
            "value_specs": null
          },
          "private": "bnVsbA=="
        }
      ]
    },
    {
      "module": "module.my_general",
      "mode": "managed",
      "type": "openstack_images_image_v2",
      "name": "centos_1",
      "provider": "provider.openstack",
      "instances": [
        {
          "schema_version": 0,
          "attributes": {
            "checksum": "160aa274e7a69f2edb50e2d89f54270b",
            "container_format": "bare",
            "created_at": "2019-12-12T11:16:35Z",
            "disk_format": "qcow2",
            "file": "/v2/images/4a1bd142-38c0-4a5b-a81f-d9e2d3d546a5/file",
            "id": "4a1bd142-38c0-4a5b-a81f-d9e2d3d546a5",
            "image_cache_path": "/home/osp_admin/.terraform/image_cache",
            "image_source_url": "http://cloud.centos.org/centos/7/images/CentOS-7-x86_64-GenericCloud.qcow2",
            "local_file_path": null,
            "metadata": {},
            "min_disk_gb": 0,
            "min_ram_mb": 0,
            "name": "centos_1",
            "owner": "0d91cf6515084452af6a2ebdb186630f",
            "properties": {
              "direct_url": "rbd://12213822-0b62-11ea-a859-5254005477b3/images/4a1bd142-38c0-4a5b-a81f-d9e2d3d546a5/snap"
            },
            "protected": false,
            "region": "",
            "schema": "/v2/schemas/image",
            "size_bytes": 942407680,
            "status": "active",
            "tags": null,
            "timeouts": null,
            "update_at": "2019-12-12T11:16:44Z",
            "updated_at": "2019-12-12T11:16:44Z",
            "verify_checksum": true,
            "visibility": "private"
          },
          "private": "eyJlMmJmYjczMC1lY2FhLTExZTYtOGY4OC0zNDM2M2JjN2M0YzAiOnsiY3JlYXRlIjoxODAwMDAwMDAwMDAwfX0="
        }
      ]
    },
    {
      "module": "module.my_instance",
      "mode": "managed",
      "type": "openstack_networking_floatingip_v2",
      "name": "sanity_floatip",
      "provider": "provider.openstack",
      "instances": [
        {
          "schema_version": 0,
          "attributes": {
            "address": "100.67.60.204",
            "all_tags": [],
            "description": "",
            "dns_domain": "",
            "dns_name": "",
            "fixed_ip": "",
            "id": "d5c26575-5050-472a-849d-9fed09689b1f",
            "pool": "public",
            "port_id": "",
            "region": "",
            "subnet_id": null,
            "tags": null,
            "tenant_id": "0d91cf6515084452af6a2ebdb186630f",
            "timeouts": null,
            "value_specs": null
          },
          "private": "eyJlMmJmYjczMC1lY2FhLTExZTYtOGY4OC0zNDM2M2JjN2M0YzAiOnsiY3JlYXRlIjo2MDAwMDAwMDAwMDAsImRlbGV0ZSI6NjAwMDAwMDAwMDAwfX0="
        }
      ]
    },
    {
      "module": "module.my_network",
      "mode": "managed",
      "type": "openstack_networking_network_v2",
      "name": "network",
      "provider": "provider.openstack",
      "instances": [
        {
          "schema_version": 0,
          "attributes": {
            "admin_state_up": true,
            "all_tags": [],
            "availability_zone_hints": [],
            "description": "",
            "dns_domain": "",
            "external": false,
            "id": "94a9cec8-d802-453e-ae3b-1735d7f0ec12",
            "mtu": 1500,
            "name": "sanity_network",
            "port_security_enabled": true,
            "qos_policy_id": "",
            "region": "",
            "segments": [],
            "shared": false,
            "tags": null,
            "tenant_id": "0d91cf6515084452af6a2ebdb186630f",
            "timeouts": null,
            "transparent_vlan": false,
            "value_specs": null
          },
          "private": "eyJlMmJmYjczMC1lY2FhLTExZTYtOGY4OC0zNDM2M2JjN2M0YzAiOnsiY3JlYXRlIjo2MDAwMDAwMDAwMDAsImRlbGV0ZSI6NjAwMDAwMDAwMDAwfX0="
        }
      ]
    },
    {
      "module": "module.my_network",
      "mode": "managed",
      "type": "openstack_networking_port_v2",
      "name": "port",
      "provider": "provider.openstack",
      "instances": [
        {
          "schema_version": 0,
          "attributes": {
            "admin_state_up": true,
            "all_fixed_ips": [
              "192.168.90.10"
            ],
            "all_security_group_ids": [
              "0a101809-a309-4f01-a1d8-99edca5c92c0"
            ],
            "all_tags": [],
            "allowed_address_pairs": [],
            "binding": [
              {
                "host_id": "",
                "profile": "null",
                "vif_details": {},
                "vif_type": "",
                "vnic_type": "normal"
              }
            ],
            "description": "",
            "device_id": "",
            "device_owner": "",
            "dns_assignment": [],
            "dns_name": "",
            "extra_dhcp_option": [],
            "fixed_ip": [
              {
                "ip_address": "192.168.90.10",
                "subnet_id": "922234e0-8edd-4dce-976a-7e6513d0dadb"
              }
            ],
            "id": "7ca9521f-74f5-470e-8eba-6d9bf5358a60",
            "mac_address": "fa:16:3e:d0:96:44",
            "name": "sanity_port",
            "network_id": "94a9cec8-d802-453e-ae3b-1735d7f0ec12",
            "no_fixed_ip": null,
            "no_security_groups": null,
            "port_security_enabled": true,
            "qos_policy_id": "",
            "region": "",
            "security_group_ids": null,
            "tags": null,
            "tenant_id": "0d91cf6515084452af6a2ebdb186630f",
            "timeouts": null,
            "value_specs": null
          },
          "private": "eyJlMmJmYjczMC1lY2FhLTExZTYtOGY4OC0zNDM2M2JjN2M0YzAiOnsiY3JlYXRlIjo2MDAwMDAwMDAwMDAsImRlbGV0ZSI6NjAwMDAwMDAwMDAwfX0=",
          "dependencies": [
            "module.my_network.openstack_networking_network_v2.network",
            "module.my_network.openstack_networking_subnet_v2.subnet"
          ]
        }
      ]
    },
    {
      "module": "module.my_network",
      "mode": "managed",
      "type": "openstack_networking_router_interface_v2",
      "name": "router_interface_port_1",
      "provider": "provider.openstack",
      "instances": [
        {
          "schema_version": 0,
          "attributes": {
            "id": "7cc1b876-eab8-4108-82b7-b0bda99ed960",
            "port_id": "7cc1b876-eab8-4108-82b7-b0bda99ed960",
            "region": "",
            "router_id": "17ee6df0-d11b-41b1-b1ef-5ab6ef1d1ec7",
            "subnet_id": "922234e0-8edd-4dce-976a-7e6513d0dadb",
            "timeouts": null
          },
          "private": "eyJlMmJmYjczMC1lY2FhLTExZTYtOGY4OC0zNDM2M2JjN2M0YzAiOnsiY3JlYXRlIjo2MDAwMDAwMDAwMDAsImRlbGV0ZSI6NjAwMDAwMDAwMDAwfX0=",
          "dependencies": [
            "module.my_network.openstack_networking_network_v2.network",
            "module.my_network.openstack_networking_router_v2.router",
            "module.my_network.openstack_networking_subnet_v2.subnet"
          ]
        }
      ]
    },
    {
      "module": "module.my_network",
      "mode": "managed",
      "type": "openstack_networking_router_v2",
      "name": "router",
      "provider": "provider.openstack",
      "instances": [
        {
          "schema_version": 0,
          "attributes": {
            "admin_state_up": true,
            "all_tags": [],
            "availability_zone_hints": [],
            "description": "",
            "distributed": false,
            "enable_snat": true,
            "external_fixed_ip": [
              {
                "ip_address": "100.67.60.197",
                "subnet_id": "38d9338e-769f-454e-81be-53340688b89a"
              }
            ],
            "external_gateway": "3d8c3998-1b22-44ef-98ea-4c70339a41dd",
            "external_network_id": "3d8c3998-1b22-44ef-98ea-4c70339a41dd",
            "id": "17ee6df0-d11b-41b1-b1ef-5ab6ef1d1ec7",
            "name": "router_1",
            "region": "",
            "tags": null,
            "tenant_id": "0d91cf6515084452af6a2ebdb186630f",
            "timeouts": null,
            "value_specs": null,
            "vendor_options": []
          },
          "private": "eyJlMmJmYjczMC1lY2FhLTExZTYtOGY4OC0zNDM2M2JjN2M0YzAiOnsiY3JlYXRlIjo2MDAwMDAwMDAwMDAsImRlbGV0ZSI6NjAwMDAwMDAwMDAwfX0="
        }
      ]
    },
    {
      "module": "module.my_network",
      "mode": "managed",
      "type": "openstack_networking_secgroup_rule_v2",
      "name": "sanity_icmp_egress_secgroup_rules",
      "provider": "provider.openstack",
      "instances": [
        {
          "schema_version": 0,
          "attributes": {
            "description": "",
            "direction": "egress",
            "ethertype": "IPv4",
            "id": "f56676bc-5ad3-4b3f-9b52-d8b668f9e1be",
            "port_range_max": 0,
            "port_range_min": 0,
            "protocol": "icmp",
            "region": "",
            "remote_group_id": "",
            "remote_ip_prefix": "0.0.0.0/0",
            "security_group_id": "670f941b-4299-453d-84ef-09575a6631c2",
            "tenant_id": "0d91cf6515084452af6a2ebdb186630f",
            "timeouts": null
          },
          "private": "eyJlMmJmYjczMC1lY2FhLTExZTYtOGY4OC0zNDM2M2JjN2M0YzAiOnsiZGVsZXRlIjo2MDAwMDAwMDAwMDB9fQ==",
          "dependencies": [
            "module.my_network.openstack_networking_secgroup_v2.sanity_secgroup"
          ]
        }
      ]
    },
    {
      "module": "module.my_network",
      "mode": "managed",
      "type": "openstack_networking_secgroup_rule_v2",
      "name": "sanity_icmp_ingress_secgroup_rules",
      "provider": "provider.openstack",
      "instances": [
        {
          "schema_version": 0,
          "attributes": {
            "description": "",
            "direction": "ingress",
            "ethertype": "IPv4",
            "id": "f0a06a72-9106-4dc6-b71b-24c708daa6af",
            "port_range_max": 0,
            "port_range_min": 0,
            "protocol": "icmp",
            "region": "",
            "remote_group_id": "",
            "remote_ip_prefix": "0.0.0.0/0",
            "security_group_id": "670f941b-4299-453d-84ef-09575a6631c2",
            "tenant_id": "0d91cf6515084452af6a2ebdb186630f",
            "timeouts": null
          },
          "private": "eyJlMmJmYjczMC1lY2FhLTExZTYtOGY4OC0zNDM2M2JjN2M0YzAiOnsiZGVsZXRlIjo2MDAwMDAwMDAwMDB9fQ==",
          "dependencies": [
            "module.my_network.openstack_networking_secgroup_v2.sanity_secgroup"
          ]
        }
      ]
    },
    {
      "module": "module.my_network",
      "mode": "managed",
      "type": "openstack_networking_secgroup_rule_v2",
      "name": "sanity_tcp_ingress_secgroup_rules",
      "provider": "provider.openstack",
      "instances": [
        {
          "schema_version": 0,
          "attributes": {
            "description": "",
            "direction": "ingress",
            "ethertype": "IPv4",
            "id": "ac98395d-d87f-4ea0-aab0-dc1384df574e",
            "port_range_max": 22,
            "port_range_min": 22,
            "protocol": "tcp",
            "region": "",
            "remote_group_id": "",
            "remote_ip_prefix": "0.0.0.0/0",
            "security_group_id": "670f941b-4299-453d-84ef-09575a6631c2",
            "tenant_id": "0d91cf6515084452af6a2ebdb186630f",
            "timeouts": null
          },
          "private": "eyJlMmJmYjczMC1lY2FhLTExZTYtOGY4OC0zNDM2M2JjN2M0YzAiOnsiZGVsZXRlIjo2MDAwMDAwMDAwMDB9fQ==",
          "dependencies": [
            "module.my_network.openstack_networking_secgroup_v2.sanity_secgroup"
          ]
        }
      ]
    },
    {
      "module": "module.my_network",
      "mode": "managed",
      "type": "openstack_networking_secgroup_v2",
      "name": "sanity_secgroup",
      "provider": "provider.openstack",
      "instances": [
        {
          "schema_version": 0,
          "attributes": {
            "all_tags": [],
            "delete_default_rules": null,
            "description": "Sanity neutron security group",
            "id": "670f941b-4299-453d-84ef-09575a6631c2",
            "name": "sanity_secgroup",
            "region": "",
            "tags": null,
            "tenant_id": "0d91cf6515084452af6a2ebdb186630f",
            "timeouts": null
          },
          "private": "eyJlMmJmYjczMC1lY2FhLTExZTYtOGY4OC0zNDM2M2JjN2M0YzAiOnsiZGVsZXRlIjo2MDAwMDAwMDAwMDB9fQ=="
        }
      ]
    },
    {
      "module": "module.my_network",
      "mode": "managed",
      "type": "openstack_networking_subnet_v2",
      "name": "subnet",
      "provider": "provider.openstack",
      "instances": [
        {
          "schema_version": 0,
          "attributes": {
            "all_tags": [],
            "allocation_pool": [
              {
                "end": "192.168.90.254",
                "start": "192.168.90.2"
              }
            ],
            "allocation_pools": [
              {
                "end": "192.168.90.254",
                "start": "192.168.90.2"
              }
            ],
            "cidr": "192.168.90.0/24",
            "description": "",
            "dns_nameservers": [
              "8.8.8.8",
              "8.8.4.4"
            ],
            "enable_dhcp": true,
            "gateway_ip": "192.168.90.1",
            "host_routes": [],
            "id": "922234e0-8edd-4dce-976a-7e6513d0dadb",
            "ip_version": 4,
            "ipv6_address_mode": "",
            "ipv6_ra_mode": "",
            "name": "sanity_subnet",
            "network_id": "94a9cec8-d802-453e-ae3b-1735d7f0ec12",
            "no_gateway": false,
            "prefix_length": null,
            "region": "",
            "subnetpool_id": "",
            "tags": null,
            "tenant_id": "0d91cf6515084452af6a2ebdb186630f",
            "timeouts": null,
            "value_specs": null
          },
          "private": "eyJlMmJmYjczMC1lY2FhLTExZTYtOGY4OC0zNDM2M2JjN2M0YzAiOnsiY3JlYXRlIjo2MDAwMDAwMDAwMDAsImRlbGV0ZSI6NjAwMDAwMDAwMDAwfX0=",
          "dependencies": [
            "module.my_network.openstack_networking_network_v2.network"
          ]
        }
      ]
    }
  ]
}
