{
  "version": 4,
  "terraform_version": "0.12.2",
  "serial": 107,
  "lineage": "89c1871f-dd99-8009-78cf-c3f355841763",
  "outputs": {},
  "resources": [
    {
      "module": "module.my_instance",
      "mode": "data",
      "type": "openstack_compute_availability_zones_v2",
      "name": "zones",
      "provider": "provider.openstack",
      "instances": [
        {
          "schema_version": 0,
          "attributes": {
            "id": "3612554252",
            "names": [
              "nova0",
              "nova1",
              "nova2"
            ],
            "region": "",
            "state": "available"
          }
        }
      ]
    },
    {
      "module": "module.my_instance",
      "mode": "managed",
      "type": "openstack_compute_floatingip_associate_v2",
      "name": "sanity_floatip_1",
      "provider": "provider.openstack",
      "instances": []
    },
    {
      "module": "module.my_instance",
      "mode": "managed",
      "type": "openstack_compute_instance_v2",
      "name": "sanity_instance_1",
      "provider": "provider.openstack",
      "instances": [
        {
          "schema_version": 0,
          "attributes": {
            "access_ip_v4": "192.168.90.10",
            "access_ip_v6": "",
            "admin_pass": null,
            "all_metadata": {},
            "all_tags": [],
            "availability_zone": "nova2",
            "block_device": [],
            "config_drive": null,
            "flavor_id": "3b2d9c0c-90ca-43f3-b424-0324876e0f06",
            "flavor_name": "sanity_flavor",
            "floating_ip": null,
            "force_delete": false,
            "id": "628c82f5-5286-4acf-a856-fa87e4444c0c",
            "image_id": "44b8fb75-3f3d-40df-b65d-1a585fdd64a5",
            "image_name": "centos_1",
            "key_pair": "ssh-key",
            "metadata": null,
            "name": "sanity_instance_1",
            "network": [
              {
                "access_network": false,
                "fixed_ip_v4": "192.168.90.10",
                "fixed_ip_v6": "",
                "floating_ip": "",
                "mac": "fa:16:3e:0a:5e:3e",
                "name": "sanity_network",
                "port": "e3c3e2b9-b533-4932-8c1d-7fd2d22f9563",
                "uuid": "0ad69a3e-cde7-42da-a23b-0f27b6b0aecb"
              }
            ],
            "personality": [],
            "power_state": "active",
            "region": "",
            "scheduler_hints": [],
            "security_groups": [
              "default"
            ],
            "stop_before_destroy": false,
            "tags": null,
            "timeouts": null,
            "user_data": null,
            "vendor_options": [],
            "volume": []
          },
          "private": "eyJlMmJmYjczMC1lY2FhLTExZTYtOGY4OC0zNDM2M2JjN2M0YzAiOnsiY3JlYXRlIjoxODAwMDAwMDAwMDAwLCJkZWxldGUiOjE4MDAwMDAwMDAwMDAsInVwZGF0ZSI6MTgwMDAwMDAwMDAwMH19",
          "depends_on": [
            "data.openstack_compute_availability_zones_v2.zones"
          ]
        }
      ]
    },
    {
      "module": "module.my_general",
      "mode": "managed",
      "type": "openstack_compute_keypair_v2",
      "name": "ssh-key",
      "provider": "provider.openstack",
      "instances": [
        {
          "schema_version": 0,
          "attributes": {
            "fingerprint": "37:ac:de:cf:9a:61:cc:3d:f0:0e:6c:48:9f:d8:9f:43",
            "id": "ssh-key",
            "name": "ssh-key",
            "private_key": "",
            "public_key": "ssh-rsa AAAAB3NzaC1yc2EAAAADAQABAAABAQDgR8LqMUAHATFZMbeyo4OobarANGKq+EtNNdmI2aunpM8vUR56xqi9Wp4I2PmYCJb+EOAmK9+hAnPOBHeCP1N5Xtmi3yastQKIFuQM3A6ZUNP5g0CLVdYCwUmLfzPw7nsBfBeFKU1qkKe39+7Kfoal/pTyhX9HcXS2NiMs/1PVsLcVcnKnqP2R0peQ1c3uhgMI0GJ4OhLB6AVXKAf/hmkEug8GY4SVup5YL2kIHaC1QGY5rFMMzgkEnp3uIBQzMGLZ/0zRDINiAJsXOMSWcOv4xyn1cqKdAr/MRh00ABo45XzsvsSm/DiyjfhC6jP2w7keleS0bikTGWfqEccXBCxN osp_admin@director.r60.lab",
            "region": "",
            "value_specs": null
          },
          "private": "bnVsbA=="
        }
      ]
    },
    {
      "module": "module.my_general",
      "mode": "managed",
      "type": "openstack_images_image_v2",
      "name": "centos_1",
      "provider": "provider.openstack",
      "instances": [
        {
          "schema_version": 0,
          "attributes": {
            "checksum": "160aa274e7a69f2edb50e2d89f54270b",
            "container_format": "bare",
            "created_at": "2019-12-05T15:32:28Z",
            "disk_format": "qcow2",
            "file": "/v2/images/44b8fb75-3f3d-40df-b65d-1a585fdd64a5/file",
            "id": "44b8fb75-3f3d-40df-b65d-1a585fdd64a5",
            "image_cache_path": "/home/osp_admin/.terraform/image_cache",
            "image_source_url": "http://cloud.centos.org/centos/7/images/CentOS-7-x86_64-GenericCloud.qcow2",
            "local_file_path": null,
            "metadata": {},
            "min_disk_gb": 0,
            "min_ram_mb": 0,
            "name": "centos_1",
            "owner": "844a922aa6c94f698c0325459ae2cb8f",
            "properties": {
              "direct_url": "rbd://12213822-0b62-11ea-a859-5254005477b3/images/44b8fb75-3f3d-40df-b65d-1a585fdd64a5/snap"
            },
            "protected": false,
            "region": "",
            "schema": "/v2/schemas/image",
            "size_bytes": 942407680,
            "status": "active",
            "tags": null,
            "timeouts": null,
            "update_at": "2019-12-05T15:32:37Z",
            "updated_at": "2019-12-05T15:32:37Z",
            "verify_checksum": true,
            "visibility": "private"
          },
          "private": "eyJlMmJmYjczMC1lY2FhLTExZTYtOGY4OC0zNDM2M2JjN2M0YzAiOnsiY3JlYXRlIjoxODAwMDAwMDAwMDAwfX0="
        }
      ]
    },
    {
      "module": "module.my_instance",
      "mode": "managed",
      "type": "openstack_networking_floatingip_v2",
      "name": "sanity_floatip",
      "provider": "provider.openstack",
      "instances": [
        {
          "schema_version": 0,
          "attributes": {
            "address": "100.67.60.195",
            "all_tags": [],
            "description": "",
            "dns_domain": "",
            "dns_name": "",
            "fixed_ip": "",
            "id": "7ec75a13-8f10-44bd-a87d-5264473bd862",
            "pool": "public",
            "port_id": "",
            "region": "",
            "subnet_id": null,
            "tags": null,
            "tenant_id": "844a922aa6c94f698c0325459ae2cb8f",
            "timeouts": null,
            "value_specs": null
          },
          "private": "eyJlMmJmYjczMC1lY2FhLTExZTYtOGY4OC0zNDM2M2JjN2M0YzAiOnsiY3JlYXRlIjo2MDAwMDAwMDAwMDAsImRlbGV0ZSI6NjAwMDAwMDAwMDAwfX0="
        }
      ]
    },
    {
      "module": "module.my_network",
      "mode": "managed",
      "type": "openstack_networking_network_v2",
      "name": "network",
      "provider": "provider.openstack",
      "instances": [
        {
          "schema_version": 0,
          "attributes": {
            "admin_state_up": false,
            "all_tags": [],
            "availability_zone_hints": [],
            "description": "",
            "dns_domain": "",
            "external": false,
            "id": "0ad69a3e-cde7-42da-a23b-0f27b6b0aecb",
            "mtu": 1500,
            "name": "sanity_network",
            "port_security_enabled": true,
            "qos_policy_id": "",
            "region": "",
            "segments": [],
            "shared": false,
            "tags": null,
            "tenant_id": "844a922aa6c94f698c0325459ae2cb8f",
            "timeouts": null,
            "transparent_vlan": false,
            "value_specs": null
          },
          "private": "eyJlMmJmYjczMC1lY2FhLTExZTYtOGY4OC0zNDM2M2JjN2M0YzAiOnsiY3JlYXRlIjo2MDAwMDAwMDAwMDAsImRlbGV0ZSI6NjAwMDAwMDAwMDAwfX0="
        }
      ]
    },
    {
      "module": "module.my_network",
      "mode": "managed",
      "type": "openstack_networking_port_v2",
      "name": "port",
      "provider": "provider.openstack",
      "instances": [
        {
          "schema_version": 0,
          "attributes": {
            "admin_state_up": false,
            "all_fixed_ips": [
              "192.168.90.10"
            ],
            "all_security_group_ids": [
              "aa42dba2-6aca-4c92-86ce-4f06b6afc3b9"
            ],
            "all_tags": [],
            "allowed_address_pairs": [],
            "binding": [
              {
                "host_id": "",
                "profile": "null",
                "vif_details": {},
                "vif_type": "",
                "vnic_type": "normal"
              }
            ],
            "description": "",
            "device_id": "",
            "device_owner": "",
            "dns_assignment": [],
            "dns_name": "",
            "extra_dhcp_option": [],
            "fixed_ip": [
              {
                "ip_address": "192.168.90.10",
                "subnet_id": "7a9e5121-0691-43ef-9d5e-dba2fc2100a5"
              }
            ],
            "id": "e3c3e2b9-b533-4932-8c1d-7fd2d22f9563",
            "mac_address": "fa:16:3e:0a:5e:3e",
            "name": "sanity_port",
            "network_id": "0ad69a3e-cde7-42da-a23b-0f27b6b0aecb",
            "no_fixed_ip": null,
            "no_security_groups": null,
            "port_security_enabled": true,
            "qos_policy_id": "",
            "region": "",
            "security_group_ids": null,
            "tags": null,
            "tenant_id": "844a922aa6c94f698c0325459ae2cb8f",
            "timeouts": null,
            "value_specs": null
          },
          "private": "eyJlMmJmYjczMC1lY2FhLTExZTYtOGY4OC0zNDM2M2JjN2M0YzAiOnsiY3JlYXRlIjo2MDAwMDAwMDAwMDAsImRlbGV0ZSI6NjAwMDAwMDAwMDAwfX0=",
          "depends_on": [
            "openstack_networking_subnet_v2.subnet"
          ]
        }
      ]
    },
    {
      "module": "module.my_network",
      "mode": "managed",
      "type": "openstack_networking_router_interface_v2",
      "name": "router_interface_port_1",
      "provider": "provider.openstack",
      "instances": [
        {
          "schema_version": 0,
          "attributes": {
            "id": "64c27b41-a36b-4194-b58f-a59b6649c790",
            "port_id": "64c27b41-a36b-4194-b58f-a59b6649c790",
            "region": "",
            "router_id": "499be6a8-6774-4ff4-9e8b-01e939edf5ec",
            "subnet_id": "7a9e5121-0691-43ef-9d5e-dba2fc2100a5",
            "timeouts": null
          },
          "private": "eyJlMmJmYjczMC1lY2FhLTExZTYtOGY4OC0zNDM2M2JjN2M0YzAiOnsiY3JlYXRlIjo2MDAwMDAwMDAwMDAsImRlbGV0ZSI6NjAwMDAwMDAwMDAwfX0="
        }
      ]
    },
    {
      "module": "module.my_network",
      "mode": "managed",
      "type": "openstack_networking_router_v2",
      "name": "router",
      "provider": "provider.openstack",
      "instances": [
        {
          "schema_version": 0,
          "attributes": {
            "admin_state_up": true,
            "all_tags": [],
            "availability_zone_hints": [],
            "description": "",
            "distributed": false,
            "enable_snat": true,
            "external_fixed_ip": [
              {
                "ip_address": "100.67.60.209",
                "subnet_id": "0df5d6fd-a402-4c85-a62b-1d1df651fc6b"
              }
            ],
            "external_gateway": "45d3d1ac-f2a8-4b69-85c0-e8cbfc7f3552",
            "external_network_id": "45d3d1ac-f2a8-4b69-85c0-e8cbfc7f3552",
            "id": "499be6a8-6774-4ff4-9e8b-01e939edf5ec",
            "name": "sanity_router",
            "region": "",
            "tags": null,
            "tenant_id": "844a922aa6c94f698c0325459ae2cb8f",
            "timeouts": null,
            "value_specs": null,
            "vendor_options": []
          },
          "private": "eyJlMmJmYjczMC1lY2FhLTExZTYtOGY4OC0zNDM2M2JjN2M0YzAiOnsiY3JlYXRlIjo2MDAwMDAwMDAwMDAsImRlbGV0ZSI6NjAwMDAwMDAwMDAwfX0="
        }
      ]
    },
    {
      "module": "module.my_network",
      "mode": "managed",
      "type": "openstack_networking_subnet_v2",
      "name": "subnet",
      "provider": "provider.openstack",
      "instances": [
        {
          "schema_version": 0,
          "attributes": {
            "all_tags": [],
            "allocation_pool": [
              {
                "end": "192.168.90.254",
                "start": "192.168.90.2"
              }
            ],
            "allocation_pools": [
              {
                "end": "192.168.90.254",
                "start": "192.168.90.2"
              }
            ],
            "cidr": "192.168.90.0/24",
            "description": "",
            "dns_nameservers": [
              "8.8.8.8",
              "8.8.4.4"
            ],
            "enable_dhcp": true,
            "gateway_ip": "192.168.90.1",
            "host_routes": [],
            "id": "7a9e5121-0691-43ef-9d5e-dba2fc2100a5",
            "ip_version": 4,
            "ipv6_address_mode": "",
            "ipv6_ra_mode": "",
            "name": "sanity_subnet",
            "network_id": "0ad69a3e-cde7-42da-a23b-0f27b6b0aecb",
            "no_gateway": false,
            "prefix_length": null,
            "region": "",
            "subnetpool_id": "",
            "tags": null,
            "tenant_id": "844a922aa6c94f698c0325459ae2cb8f",
            "timeouts": null,
            "value_specs": null
          },
          "private": "eyJlMmJmYjczMC1lY2FhLTExZTYtOGY4OC0zNDM2M2JjN2M0YzAiOnsiY3JlYXRlIjo2MDAwMDAwMDAwMDAsImRlbGV0ZSI6NjAwMDAwMDAwMDAwfX0="
        }
      ]
    }
  ]
}
