{
  "version": 4,
  "terraform_version": "0.12.2",
  "serial": 95,
  "lineage": "cf1f0811-baa1-717a-c109-f45487534e8e",
  "outputs": {},
  "resources": [
    {
      "module": "module.my_network",
      "mode": "data",
      "type": "openstack_identity_project_v3",
      "name": "project_1",
      "provider": "provider.openstack",
      "instances": [
        {
          "schema_version": 0,
          "attributes": {
            "description": "Sanity Testing Project",
            "domain_id": "default",
            "enabled": true,
            "id": "d7ea1e2c669b49ff94b9bffa379d5e2c",
            "is_domain": false,
            "name": "sanity_1",
            "parent_id": "default",
            "region": null
          }
        }
      ]
    },
    {
      "module": "module.my_general",
      "mode": "managed",
      "type": "openstack_compute_keypair_v2",
      "name": "ssh-key",
      "provider": "provider.openstack",
      "instances": [
        {
          "schema_version": 0,
          "attributes": {
            "fingerprint": "37:ac:de:cf:9a:61:cc:3d:f0:0e:6c:48:9f:d8:9f:43",
            "id": "ssh-key",
            "name": "ssh-key",
            "private_key": "",
            "public_key": "ssh-rsa AAAAB3NzaC1yc2EAAAADAQABAAABAQDgR8LqMUAHATFZMbeyo4OobarANGKq+EtNNdmI2aunpM8vUR56xqi9Wp4I2PmYCJb+EOAmK9+hAnPOBHeCP1N5Xtmi3yastQKIFuQM3A6ZUNP5g0CLVdYCwUmLfzPw7nsBfBeFKU1qkKe39+7Kfoal/pTyhX9HcXS2NiMs/1PVsLcVcnKnqP2R0peQ1c3uhgMI0GJ4OhLB6AVXKAf/hmkEug8GY4SVup5YL2kIHaC1QGY5rFMMzgkEnp3uIBQzMGLZ/0zRDINiAJsXOMSWcOv4xyn1cqKdAr/MRh00ABo45XzsvsSm/DiyjfhC6jP2w7keleS0bikTGWfqEccXBCxN osp_admin@director.r60.lab",
            "region": "",
            "value_specs": null
          },
          "private": "bnVsbA=="
        }
      ]
    },
    {
      "module": "module.my_general",
      "mode": "managed",
      "type": "openstack_images_image_v2",
      "name": "centos_1",
      "provider": "provider.openstack",
      "instances": [
        {
          "schema_version": 0,
          "attributes": {
            "checksum": "160aa274e7a69f2edb50e2d89f54270b",
            "container_format": "bare",
            "created_at": "2019-12-05T11:13:31Z",
            "disk_format": "qcow2",
            "file": "/v2/images/fa6ca816-1760-49b9-a5c5-41bf8802f8fb/file",
            "id": "fa6ca816-1760-49b9-a5c5-41bf8802f8fb",
            "image_cache_path": "/home/osp_admin/.terraform/image_cache",
            "image_source_url": "http://cloud.centos.org/centos/7/images/CentOS-7-x86_64-GenericCloud.qcow2",
            "local_file_path": null,
            "metadata": {},
            "min_disk_gb": 0,
            "min_ram_mb": 0,
            "name": "centos_1",
            "owner": "d7ea1e2c669b49ff94b9bffa379d5e2c",
            "properties": {
              "direct_url": "rbd://12213822-0b62-11ea-a859-5254005477b3/images/fa6ca816-1760-49b9-a5c5-41bf8802f8fb/snap"
            },
            "protected": false,
            "region": "",
            "schema": "/v2/schemas/image",
            "size_bytes": 942407680,
            "status": "active",
            "tags": null,
            "timeouts": null,
            "update_at": "2019-12-05T11:13:40Z",
            "updated_at": "2019-12-05T11:13:40Z",
            "verify_checksum": true,
            "visibility": "private"
          },
          "private": "eyJlMmJmYjczMC1lY2FhLTExZTYtOGY4OC0zNDM2M2JjN2M0YzAiOnsiY3JlYXRlIjoxODAwMDAwMDAwMDAwfX0="
        }
      ]
    },
    {
      "module": "module.my_network",
      "mode": "managed",
      "type": "openstack_networking_network_v2",
      "name": "network",
      "provider": "provider.openstack",
      "instances": [
        {
          "schema_version": 0,
          "attributes": {
            "admin_state_up": false,
            "all_tags": [],
            "availability_zone_hints": [],
            "description": "",
            "dns_domain": "",
            "external": false,
            "id": "75718b3e-2156-4ac1-95ad-0d3d6e730c05",
            "mtu": 1500,
            "name": "sanity_network",
            "port_security_enabled": true,
            "qos_policy_id": "",
            "region": "",
            "segments": [],
            "shared": false,
            "tags": null,
            "tenant_id": "d7ea1e2c669b49ff94b9bffa379d5e2c",
            "timeouts": null,
            "transparent_vlan": false,
            "value_specs": null
          },
          "private": "eyJlMmJmYjczMC1lY2FhLTExZTYtOGY4OC0zNDM2M2JjN2M0YzAiOnsiY3JlYXRlIjo2MDAwMDAwMDAwMDAsImRlbGV0ZSI6NjAwMDAwMDAwMDAwfX0="
        }
      ]
    },
    {
      "module": "module.my_network",
      "mode": "managed",
      "type": "openstack_networking_port_v2",
      "name": "port",
      "provider": "provider.openstack",
      "instances": [
        {
          "schema_version": 0,
          "attributes": {
            "admin_state_up": false,
            "all_fixed_ips": [
              "192.168.90.10"
            ],
            "all_security_group_ids": [
              "3a4e324b-1545-4ca6-aeac-95ff636afeb7"
            ],
            "all_tags": [],
            "allowed_address_pairs": [],
            "binding": [
              {
                "host_id": "",
                "profile": "null",
                "vif_details": {},
                "vif_type": "",
                "vnic_type": "normal"
              }
            ],
            "description": "",
            "device_id": "",
            "device_owner": "",
            "dns_assignment": [],
            "dns_name": "",
            "extra_dhcp_option": [],
            "fixed_ip": [
              {
                "ip_address": "192.168.90.10",
                "subnet_id": "e6079ffa-3c21-41c7-9393-9c3cfd2a8256"
              }
            ],
            "id": "b3976ebb-d96e-4771-9cb1-d1eb1199baa4",
            "mac_address": "fa:16:3e:e9:09:db",
            "name": "sanity_port",
            "network_id": "75718b3e-2156-4ac1-95ad-0d3d6e730c05",
            "no_fixed_ip": null,
            "no_security_groups": null,
            "port_security_enabled": true,
            "qos_policy_id": "",
            "region": "",
            "security_group_ids": null,
            "tags": null,
            "tenant_id": "d7ea1e2c669b49ff94b9bffa379d5e2c",
            "timeouts": null,
            "value_specs": null
          },
          "private": "eyJlMmJmYjczMC1lY2FhLTExZTYtOGY4OC0zNDM2M2JjN2M0YzAiOnsiY3JlYXRlIjo2MDAwMDAwMDAwMDAsImRlbGV0ZSI6NjAwMDAwMDAwMDAwfX0=",
          "depends_on": [
            "openstack_networking_subnet_v2.subnet"
          ]
        }
      ]
    },
    {
      "module": "module.my_network",
      "mode": "managed",
      "type": "openstack_networking_router_interface_v2",
      "name": "router_interface_port_1",
      "provider": "provider.openstack",
      "instances": [
        {
          "schema_version": 0,
          "attributes": {
            "id": "1014be84-df60-4047-b497-f6cb6a5b078e",
            "port_id": "1014be84-df60-4047-b497-f6cb6a5b078e",
            "region": "",
            "router_id": "6c11c0fd-a93a-4df3-94e8-9afb6ca4a95c",
            "subnet_id": "e6079ffa-3c21-41c7-9393-9c3cfd2a8256",
            "timeouts": null
          },
          "private": "eyJlMmJmYjczMC1lY2FhLTExZTYtOGY4OC0zNDM2M2JjN2M0YzAiOnsiY3JlYXRlIjo2MDAwMDAwMDAwMDAsImRlbGV0ZSI6NjAwMDAwMDAwMDAwfX0="
        }
      ]
    },
    {
      "module": "module.my_network",
      "mode": "managed",
      "type": "openstack_networking_router_v2",
      "name": "router",
      "provider": "provider.openstack",
      "instances": [
        {
          "schema_version": 0,
          "attributes": {
            "admin_state_up": true,
            "all_tags": [],
            "availability_zone_hints": [],
            "description": "",
            "distributed": false,
            "enable_snat": true,
            "external_fixed_ip": [
              {
                "ip_address": "100.67.60.212",
                "subnet_id": "0df5d6fd-a402-4c85-a62b-1d1df651fc6b"
              }
            ],
            "external_gateway": "45d3d1ac-f2a8-4b69-85c0-e8cbfc7f3552",
            "external_network_id": "45d3d1ac-f2a8-4b69-85c0-e8cbfc7f3552",
            "id": "6c11c0fd-a93a-4df3-94e8-9afb6ca4a95c",
            "name": "sanity_router",
            "region": "",
            "tags": null,
            "tenant_id": "d7ea1e2c669b49ff94b9bffa379d5e2c",
            "timeouts": null,
            "value_specs": null,
            "vendor_options": []
          },
          "private": "eyJlMmJmYjczMC1lY2FhLTExZTYtOGY4OC0zNDM2M2JjN2M0YzAiOnsiY3JlYXRlIjo2MDAwMDAwMDAwMDAsImRlbGV0ZSI6NjAwMDAwMDAwMDAwfX0="
        }
      ]
    },
    {
      "module": "module.my_network",
      "mode": "managed",
      "type": "openstack_networking_subnet_v2",
      "name": "subnet",
      "provider": "provider.openstack",
      "instances": [
        {
          "schema_version": 0,
          "attributes": {
            "all_tags": [],
            "allocation_pool": [
              {
                "end": "192.168.90.254",
                "start": "192.168.90.2"
              }
            ],
            "allocation_pools": [
              {
                "end": "192.168.90.254",
                "start": "192.168.90.2"
              }
            ],
            "cidr": "192.168.90.0/24",
            "description": "",
            "dns_nameservers": [
              "8.8.8.8",
              "8.8.4.4"
            ],
            "enable_dhcp": true,
            "gateway_ip": "192.168.90.1",
            "host_routes": [],
            "id": "e6079ffa-3c21-41c7-9393-9c3cfd2a8256",
            "ip_version": 4,
            "ipv6_address_mode": "",
            "ipv6_ra_mode": "",
            "name": "sanity_subnet",
            "network_id": "75718b3e-2156-4ac1-95ad-0d3d6e730c05",
            "no_gateway": false,
            "prefix_length": null,
            "region": "",
            "subnetpool_id": "",
            "tags": null,
            "tenant_id": "d7ea1e2c669b49ff94b9bffa379d5e2c",
            "timeouts": null,
            "value_specs": null
          },
          "private": "eyJlMmJmYjczMC1lY2FhLTExZTYtOGY4OC0zNDM2M2JjN2M0YzAiOnsiY3JlYXRlIjo2MDAwMDAwMDAwMDAsImRlbGV0ZSI6NjAwMDAwMDAwMDAwfX0="
        }
      ]
    }
  ]
}
