{
  "version": 4,
  "terraform_version": "0.12.17",
  "serial": 16,
  "lineage": "f151310a-5df8-fa8b-9e01-e1963cc2574a",
  "outputs": {},
  "resources": [
    {
      "module": "module.my_instance",
      "mode": "data",
      "type": "openstack_compute_availability_zones_v2",
      "name": "zones",
      "provider": "provider.openstack",
      "instances": [
        {
          "schema_version": 0,
          "attributes": {
            "id": "3612554252",
            "names": [
              "nova0",
              "nova1",
              "nova2"
            ],
            "region": "",
            "state": "available"
          }
        }
      ]
    },
    {
      "module": "module.my_network",
      "mode": "data",
      "type": "openstack_networking_network_v2",
      "name": "network",
      "provider": "provider.openstack",
      "instances": [
        {
          "schema_version": 0,
          "attributes": {
            "admin_state_up": "true",
            "all_tags": [],
            "availability_zone_hints": [],
            "description": "",
            "dns_domain": "",
            "external": true,
            "id": "06a58fbc-65cc-4cbd-ae90-d9b1a360b1aa",
            "matching_subnet_cidr": null,
            "mtu": 1500,
            "name": "public",
            "network_id": null,
            "region": "",
            "shared": "false",
            "status": null,
            "tags": null,
            "tenant_id": "e11e004bdd524b06b3ed6ac39706514c",
            "transparent_vlan": false
          }
        }
      ]
    },
    {
      "module": "module.my_instance",
      "mode": "managed",
      "type": "openstack_compute_floatingip_associate_v2",
      "name": "sanity_floatip_1",
      "provider": "provider.openstack",
      "instances": [
        {
          "schema_version": 0,
          "attributes": {
            "fixed_ip": "",
            "floating_ip": "100.67.60.195",
            "id": "100.67.60.195/86b06ab0-361a-4ca2-9f11-73239d3ef566/",
            "instance_id": "86b06ab0-361a-4ca2-9f11-73239d3ef566",
            "region": "",
            "timeouts": null,
            "wait_until_associated": null
          },
          "private": "eyJlMmJmYjczMC1lY2FhLTExZTYtOGY4OC0zNDM2M2JjN2M0YzAiOnsiY3JlYXRlIjo2MDAwMDAwMDAwMDB9fQ==",
          "dependencies": [
            "module.my_general.openstack_networking_secgroup_v2.sanity_secgroup",
            "module.my_instance.openstack_compute_instance_v2.sanity_instance_1",
            "module.my_instance.openstack_networking_floatingip_v2.sanity_floatip",
            "module.my_network.openstack_networking_network_v2.network",
            "module.my_network.openstack_networking_port_v2.port",
            "module.my_network.openstack_networking_subnet_v2.subnet"
          ]
        }
      ]
    },
    {
      "module": "module.my_instance",
      "mode": "managed",
      "type": "openstack_compute_instance_v2",
      "name": "sanity_instance_1",
      "provider": "provider.openstack",
      "instances": [
        {
          "schema_version": 0,
          "attributes": {
            "access_ip_v4": "192.168.90.10",
            "access_ip_v6": "",
            "admin_pass": null,
            "all_metadata": {},
            "all_tags": [],
            "availability_zone": "nova2",
            "block_device": [],
            "config_drive": null,
            "flavor_id": "3b2d9c0c-90ca-43f3-b424-0324876e0f06",
            "flavor_name": "sanity_flavor",
            "floating_ip": null,
            "force_delete": false,
            "id": "86b06ab0-361a-4ca2-9f11-73239d3ef566",
            "image_id": "4902cd5c-4de2-4e94-801f-6a65cd748047",
            "image_name": "centos_1",
            "key_pair": "ssh-key",
            "metadata": null,
            "name": "sanity_instance_1",
            "network": [
              {
                "access_network": false,
                "fixed_ip_v4": "192.168.90.10",
                "fixed_ip_v6": "",
                "floating_ip": "",
                "mac": "fa:16:3e:c1:61:bc",
                "name": "sanity_network",
                "port": "4cfb34bf-9bb0-42e1-ad2f-37a7ed9d05ad",
                "uuid": "18e0775e-f02b-4601-b13d-25176d4a1825"
              }
            ],
            "personality": [],
            "power_state": "active",
            "region": "",
            "scheduler_hints": [],
            "security_groups": [
              "sanity_secgroup"
            ],
            "stop_before_destroy": false,
            "tags": null,
            "timeouts": null,
            "user_data": null,
            "vendor_options": [],
            "volume": []
          },
          "private": "eyJlMmJmYjczMC1lY2FhLTExZTYtOGY4OC0zNDM2M2JjN2M0YzAiOnsiY3JlYXRlIjoxODAwMDAwMDAwMDAwLCJkZWxldGUiOjE4MDAwMDAwMDAwMDAsInVwZGF0ZSI6MTgwMDAwMDAwMDAwMH19",
          "dependencies": [
            "module.my_general.openstack_networking_secgroup_v2.sanity_secgroup",
            "module.my_network.openstack_networking_network_v2.network",
            "module.my_network.openstack_networking_port_v2.port",
            "module.my_network.openstack_networking_subnet_v2.subnet"
          ]
        }
      ]
    },
    {
      "module": "module.my_general",
      "mode": "managed",
      "type": "openstack_compute_keypair_v2",
      "name": "ssh-key",
      "provider": "provider.openstack",
      "instances": [
        {
          "schema_version": 0,
          "attributes": {
            "fingerprint": "37:ac:de:cf:9a:61:cc:3d:f0:0e:6c:48:9f:d8:9f:43",
            "id": "ssh-key",
            "name": "ssh-key",
            "private_key": "",
            "public_key": "ssh-rsa AAAAB3NzaC1yc2EAAAADAQABAAABAQDgR8LqMUAHATFZMbeyo4OobarANGKq+EtNNdmI2aunpM8vUR56xqi9Wp4I2PmYCJb+EOAmK9+hAnPOBHeCP1N5Xtmi3yastQKIFuQM3A6ZUNP5g0CLVdYCwUmLfzPw7nsBfBeFKU1qkKe39+7Kfoal/pTyhX9HcXS2NiMs/1PVsLcVcnKnqP2R0peQ1c3uhgMI0GJ4OhLB6AVXKAf/hmkEug8GY4SVup5YL2kIHaC1QGY5rFMMzgkEnp3uIBQzMGLZ/0zRDINiAJsXOMSWcOv4xyn1cqKdAr/MRh00ABo45XzsvsSm/DiyjfhC6jP2w7keleS0bikTGWfqEccXBCxN osp_admin@director.r60.lab",
            "region": "",
            "value_specs": null
          },
          "private": "bnVsbA=="
        }
      ]
    },
    {
      "module": "module.my_general",
      "mode": "managed",
      "type": "openstack_images_image_v2",
      "name": "centos_1",
      "provider": "provider.openstack",
      "instances": [
        {
          "schema_version": 0,
          "attributes": {
            "checksum": "160aa274e7a69f2edb50e2d89f54270b",
            "container_format": "bare",
            "created_at": "2019-12-13T13:01:40Z",
            "disk_format": "qcow2",
            "file": "/v2/images/4902cd5c-4de2-4e94-801f-6a65cd748047/file",
            "id": "4902cd5c-4de2-4e94-801f-6a65cd748047",
            "image_cache_path": "/home/osp_admin/.terraform/image_cache",
            "image_source_url": "http://cloud.centos.org/centos/7/images/CentOS-7-x86_64-GenericCloud.qcow2",
            "local_file_path": null,
            "metadata": {},
            "min_disk_gb": 0,
            "min_ram_mb": 0,
            "name": "centos_1",
            "owner": "f26eb441091648e58a456f840147fb54",
            "properties": {
              "direct_url": "rbd://12213822-0b62-11ea-a859-5254005477b3/images/4902cd5c-4de2-4e94-801f-6a65cd748047/snap"
            },
            "protected": false,
            "region": "",
            "schema": "/v2/schemas/image",
            "size_bytes": 942407680,
            "status": "active",
            "tags": null,
            "timeouts": null,
            "update_at": "2019-12-13T13:01:49Z",
            "updated_at": "2019-12-13T13:01:49Z",
            "verify_checksum": true,
            "visibility": "private"
          },
          "private": "eyJlMmJmYjczMC1lY2FhLTExZTYtOGY4OC0zNDM2M2JjN2M0YzAiOnsiY3JlYXRlIjoxODAwMDAwMDAwMDAwfX0="
        }
      ]
    },
    {
      "module": "module.my_instance",
      "mode": "managed",
      "type": "openstack_networking_floatingip_v2",
      "name": "sanity_floatip",
      "provider": "provider.openstack",
      "instances": [
        {
          "schema_version": 0,
          "attributes": {
            "address": "100.67.60.195",
            "all_tags": [],
            "description": "",
            "dns_domain": "",
            "dns_name": "",
            "fixed_ip": "",
            "id": "6be468f3-1ff1-428e-b71e-589a92ecddf6",
            "pool": "public",
            "port_id": "",
            "region": "",
            "subnet_id": null,
            "tags": null,
            "tenant_id": "f26eb441091648e58a456f840147fb54",
            "timeouts": null,
            "value_specs": null
          },
          "private": "eyJlMmJmYjczMC1lY2FhLTExZTYtOGY4OC0zNDM2M2JjN2M0YzAiOnsiY3JlYXRlIjo2MDAwMDAwMDAwMDAsImRlbGV0ZSI6NjAwMDAwMDAwMDAwfX0="
        }
      ]
    },
    {
      "module": "module.my_network",
      "mode": "managed",
      "type": "openstack_networking_network_v2",
      "name": "network",
      "provider": "provider.openstack",
      "instances": [
        {
          "schema_version": 0,
          "attributes": {
            "admin_state_up": true,
            "all_tags": [],
            "availability_zone_hints": [],
            "description": "",
            "dns_domain": "",
            "external": false,
            "id": "18e0775e-f02b-4601-b13d-25176d4a1825",
            "mtu": 1500,
            "name": "sanity_network",
            "port_security_enabled": true,
            "qos_policy_id": "",
            "region": "",
            "segments": [],
            "shared": false,
            "tags": null,
            "tenant_id": "f26eb441091648e58a456f840147fb54",
            "timeouts": null,
            "transparent_vlan": false,
            "value_specs": null
          },
          "private": "eyJlMmJmYjczMC1lY2FhLTExZTYtOGY4OC0zNDM2M2JjN2M0YzAiOnsiY3JlYXRlIjo2MDAwMDAwMDAwMDAsImRlbGV0ZSI6NjAwMDAwMDAwMDAwfX0="
        }
      ]
    },
    {
      "module": "module.my_network",
      "mode": "managed",
      "type": "openstack_networking_port_v2",
      "name": "port",
      "provider": "provider.openstack",
      "instances": [
        {
          "schema_version": 0,
          "attributes": {
            "admin_state_up": true,
            "all_fixed_ips": [
              "192.168.90.10"
            ],
            "all_security_group_ids": [
              "f5e29a39-538a-4f9c-974a-034b97e5443e"
            ],
            "all_tags": [],
            "allowed_address_pairs": [],
            "binding": [
              {
                "host_id": "",
                "profile": "null",
                "vif_details": {},
                "vif_type": "",
                "vnic_type": "normal"
              }
            ],
            "description": "",
            "device_id": "",
            "device_owner": "",
            "dns_assignment": [],
            "dns_name": "",
            "extra_dhcp_option": [],
            "fixed_ip": [
              {
                "ip_address": "192.168.90.10",
                "subnet_id": "f07a821b-4d69-4d18-b006-4942a4ef274c"
              }
            ],
            "id": "4cfb34bf-9bb0-42e1-ad2f-37a7ed9d05ad",
            "mac_address": "fa:16:3e:c1:61:bc",
            "name": "sanity_port",
            "network_id": "18e0775e-f02b-4601-b13d-25176d4a1825",
            "no_fixed_ip": null,
            "no_security_groups": null,
            "port_security_enabled": true,
            "qos_policy_id": "",
            "region": "",
            "security_group_ids": [
              "f5e29a39-538a-4f9c-974a-034b97e5443e"
            ],
            "tags": null,
            "tenant_id": "f26eb441091648e58a456f840147fb54",
            "timeouts": null,
            "value_specs": null
          },
          "private": "eyJlMmJmYjczMC1lY2FhLTExZTYtOGY4OC0zNDM2M2JjN2M0YzAiOnsiY3JlYXRlIjo2MDAwMDAwMDAwMDAsImRlbGV0ZSI6NjAwMDAwMDAwMDAwfX0=",
          "dependencies": [
            "module.my_general.openstack_networking_secgroup_v2.sanity_secgroup",
            "module.my_network.openstack_networking_network_v2.network",
            "module.my_network.openstack_networking_subnet_v2.subnet"
          ]
        }
      ]
    },
    {
      "module": "module.my_network",
      "mode": "managed",
      "type": "openstack_networking_router_interface_v2",
      "name": "router_interface_port_1",
      "provider": "provider.openstack",
      "instances": [
        {
          "schema_version": 0,
          "attributes": {
            "id": "5892ddd1-a668-4d35-89dd-77cbecd0d08e",
            "port_id": "5892ddd1-a668-4d35-89dd-77cbecd0d08e",
            "region": "",
            "router_id": "e6e0ff03-2b41-4edf-b10f-fd4a30e43a84",
            "subnet_id": "f07a821b-4d69-4d18-b006-4942a4ef274c",
            "timeouts": null
          },
          "private": "eyJlMmJmYjczMC1lY2FhLTExZTYtOGY4OC0zNDM2M2JjN2M0YzAiOnsiY3JlYXRlIjo2MDAwMDAwMDAwMDAsImRlbGV0ZSI6NjAwMDAwMDAwMDAwfX0=",
          "dependencies": [
            "module.my_network.openstack_networking_network_v2.network",
            "module.my_network.openstack_networking_router_v2.router",
            "module.my_network.openstack_networking_subnet_v2.subnet"
          ]
        }
      ]
    },
    {
      "module": "module.my_network",
      "mode": "managed",
      "type": "openstack_networking_router_v2",
      "name": "router",
      "provider": "provider.openstack",
      "instances": [
        {
          "schema_version": 0,
          "attributes": {
            "admin_state_up": true,
            "all_tags": [],
            "availability_zone_hints": [],
            "description": "",
            "distributed": false,
            "enable_snat": true,
            "external_fixed_ip": [
              {
                "ip_address": "100.67.60.194",
                "subnet_id": "70ebd3ff-d263-4c45-adc0-5ce5439e6e22"
              }
            ],
            "external_gateway": "06a58fbc-65cc-4cbd-ae90-d9b1a360b1aa",
            "external_network_id": "06a58fbc-65cc-4cbd-ae90-d9b1a360b1aa",
            "id": "e6e0ff03-2b41-4edf-b10f-fd4a30e43a84",
            "name": "router_1",
            "region": "",
            "tags": null,
            "tenant_id": "f26eb441091648e58a456f840147fb54",
            "timeouts": null,
            "value_specs": null,
            "vendor_options": []
          },
          "private": "eyJlMmJmYjczMC1lY2FhLTExZTYtOGY4OC0zNDM2M2JjN2M0YzAiOnsiY3JlYXRlIjo2MDAwMDAwMDAwMDAsImRlbGV0ZSI6NjAwMDAwMDAwMDAwfX0="
        }
      ]
    },
    {
      "module": "module.my_general",
      "mode": "managed",
      "type": "openstack_networking_secgroup_rule_v2",
      "name": "sanity_icmp_egress_secgroup_rules",
      "provider": "provider.openstack",
      "instances": [
        {
          "schema_version": 0,
          "attributes": {
            "description": "",
            "direction": "egress",
            "ethertype": "IPv4",
            "id": "d9527e5e-b194-4deb-8f50-1617d2dc05af",
            "port_range_max": 0,
            "port_range_min": 0,
            "protocol": "icmp",
            "region": "",
            "remote_group_id": "",
            "remote_ip_prefix": "0.0.0.0/0",
            "security_group_id": "f5e29a39-538a-4f9c-974a-034b97e5443e",
            "tenant_id": "f26eb441091648e58a456f840147fb54",
            "timeouts": null
          },
          "private": "eyJlMmJmYjczMC1lY2FhLTExZTYtOGY4OC0zNDM2M2JjN2M0YzAiOnsiZGVsZXRlIjo2MDAwMDAwMDAwMDB9fQ==",
          "dependencies": [
            "module.my_general.openstack_networking_secgroup_v2.sanity_secgroup"
          ]
        }
      ]
    },
    {
      "module": "module.my_general",
      "mode": "managed",
      "type": "openstack_networking_secgroup_rule_v2",
      "name": "sanity_icmp_ingress_secgroup_rules",
      "provider": "provider.openstack",
      "instances": [
        {
          "schema_version": 0,
          "attributes": {
            "description": "",
            "direction": "ingress",
            "ethertype": "IPv4",
            "id": "2af0c0a7-6ff6-4957-b129-c99cfb428298",
            "port_range_max": 0,
            "port_range_min": 0,
            "protocol": "icmp",
            "region": "",
            "remote_group_id": "",
            "remote_ip_prefix": "0.0.0.0/0",
            "security_group_id": "f5e29a39-538a-4f9c-974a-034b97e5443e",
            "tenant_id": "f26eb441091648e58a456f840147fb54",
            "timeouts": null
          },
          "private": "eyJlMmJmYjczMC1lY2FhLTExZTYtOGY4OC0zNDM2M2JjN2M0YzAiOnsiZGVsZXRlIjo2MDAwMDAwMDAwMDB9fQ==",
          "dependencies": [
            "module.my_general.openstack_networking_secgroup_v2.sanity_secgroup"
          ]
        }
      ]
    },
    {
      "module": "module.my_general",
      "mode": "managed",
      "type": "openstack_networking_secgroup_rule_v2",
      "name": "sanity_tcp_ingress_secgroup_rules",
      "provider": "provider.openstack",
      "instances": [
        {
          "schema_version": 0,
          "attributes": {
            "description": "",
            "direction": "ingress",
            "ethertype": "IPv4",
            "id": "0947367f-6865-4707-b04c-510449954efc",
            "port_range_max": 22,
            "port_range_min": 22,
            "protocol": "tcp",
            "region": "",
            "remote_group_id": "",
            "remote_ip_prefix": "0.0.0.0/0",
            "security_group_id": "f5e29a39-538a-4f9c-974a-034b97e5443e",
            "tenant_id": "f26eb441091648e58a456f840147fb54",
            "timeouts": null
          },
          "private": "eyJlMmJmYjczMC1lY2FhLTExZTYtOGY4OC0zNDM2M2JjN2M0YzAiOnsiZGVsZXRlIjo2MDAwMDAwMDAwMDB9fQ==",
          "dependencies": [
            "module.my_general.openstack_networking_secgroup_v2.sanity_secgroup"
          ]
        }
      ]
    },
    {
      "module": "module.my_general",
      "mode": "managed",
      "type": "openstack_networking_secgroup_v2",
      "name": "sanity_secgroup",
      "provider": "provider.openstack",
      "instances": [
        {
          "schema_version": 0,
          "attributes": {
            "all_tags": [],
            "delete_default_rules": null,
            "description": "Sanity neutron security group",
            "id": "f5e29a39-538a-4f9c-974a-034b97e5443e",
            "name": "sanity_secgroup",
            "region": "",
            "tags": null,
            "tenant_id": "f26eb441091648e58a456f840147fb54",
            "timeouts": null
          },
          "private": "eyJlMmJmYjczMC1lY2FhLTExZTYtOGY4OC0zNDM2M2JjN2M0YzAiOnsiZGVsZXRlIjo2MDAwMDAwMDAwMDB9fQ=="
        }
      ]
    },
    {
      "module": "module.my_network",
      "mode": "managed",
      "type": "openstack_networking_subnet_v2",
      "name": "subnet",
      "provider": "provider.openstack",
      "instances": [
        {
          "schema_version": 0,
          "attributes": {
            "all_tags": [],
            "allocation_pool": [
              {
                "end": "192.168.90.254",
                "start": "192.168.90.2"
              }
            ],
            "allocation_pools": [
              {
                "end": "192.168.90.254",
                "start": "192.168.90.2"
              }
            ],
            "cidr": "192.168.90.0/24",
            "description": "",
            "dns_nameservers": [
              "8.8.8.8",
              "8.8.4.4"
            ],
            "enable_dhcp": true,
            "gateway_ip": "192.168.90.1",
            "host_routes": [],
            "id": "f07a821b-4d69-4d18-b006-4942a4ef274c",
            "ip_version": 4,
            "ipv6_address_mode": "",
            "ipv6_ra_mode": "",
            "name": "sanity_subnet",
            "network_id": "18e0775e-f02b-4601-b13d-25176d4a1825",
            "no_gateway": false,
            "prefix_length": null,
            "region": "",
            "subnetpool_id": "",
            "tags": null,
            "tenant_id": "f26eb441091648e58a456f840147fb54",
            "timeouts": null,
            "value_specs": null
          },
          "private": "eyJlMmJmYjczMC1lY2FhLTExZTYtOGY4OC0zNDM2M2JjN2M0YzAiOnsiY3JlYXRlIjo2MDAwMDAwMDAwMDAsImRlbGV0ZSI6NjAwMDAwMDAwMDAwfX0=",
          "dependencies": [
            "module.my_network.openstack_networking_network_v2.network"
          ]
        }
      ]
    }
  ]
}
